
Microsoft Visual Studio Solution File, Format Version 12.00
# Visual Studio Version 17
VisualStudioVersion = 17.7.34221.43
MinimumVisualStudioVersion = 10.0.40219.1
Project("{9A19103F-16F7-4668-BE54-9A1E7A4F7556}") = "GatewayAPI", "src\GatewayAPI\GatewayAPI.csproj", "{73B60742-5B83-40C0-BC33-9E72F8A77D4F}"
EndProject
Project("{2150E333-8FDC-42A3-9474-1A3956D46DE8}") = "Services", "Services", "{4BEFB1E4-1E1F-468D-8158-DD4D9B84B38B}"
EndProject
Project("{2150E333-8FDC-42A3-9474-1A3956D46DE8}") = "OAuth2Service", "OAuth2Service", "{EDD5DA20-E295-466E-8A19-4C4CC1FDCD15}"
EndProject
Project("{2150E333-8FDC-42A3-9474-1A3956D46DE8}") = "Libs", "Libs", "{D2708352-AD9A-4E87-A9C8-5E857ECFDB19}"
EndProject
Project("{9A19103F-16F7-4668-BE54-9A1E7A4F7556}") = "Core", "src\Libs\Core\Core.csproj", "{2E6DD7C7-DF83-4B99-8627-D22B88A3699C}"
EndProject
Project("{9A19103F-16F7-4668-BE54-9A1E7A4F7556}") = "Infrastructure.Main", "src\Libs\Infrastructure.Main\Infrastructure.Main.csproj", "{D9182CB4-5CEF-4BD9-8C32-645D9F5E5204}"
EndProject
Project("{9A19103F-16F7-4668-BE54-9A1E7A4F7556}") = "Infrastructure.EFCore", "src\Libs\Infrastructure.EFCore\Infrastructure.EFCore.csproj", "{829984B4-F213-46D7-9D40-9465DFACC0FA}"
EndProject
Project("{9A19103F-16F7-4668-BE54-9A1E7A4F7556}") = "AuthenService", "src\Services\OAuth2Service\AuthenService\AuthenService.csproj", "{B180C4C9-F5D9-4399-A51C-68A3614A40F5}"
EndProject
Project("{9A19103F-16F7-4668-BE54-9A1E7A4F7556}") = "Infrastructure.OAuth2", "src\Services\OAuth2Service\Infrastructure.OAuth2\Infrastructure.OAuth2.csproj", "{ED5ADE32-6C0B-4DDD-B2CB-3222B9FC5D19}"
EndProject
Project("{9A19103F-16F7-4668-BE54-9A1E7A4F7556}") = "AuthorizeService", "src\Services\OAuth2Service\AuthorizeService\AuthorizeService.csproj", "{A1FE595F-45A1-404C-9BCC-2DC0EF5F5D02}"
EndProject
Project("{FAE04EC0-301F-11D3-BF4B-00C04F79EFBC}") = "UserService", "src\Services\UserService\UserService.csproj", "{F7B8A3D2-D18F-4632-AE9B-537A2E357ED6}"
EndProject
Global
	GlobalSection(SolutionConfigurationPlatforms) = preSolution
		Debug|Any CPU = Debug|Any CPU
		Release|Any CPU = Release|Any CPU
	EndGlobalSection
	GlobalSection(ProjectConfigurationPlatforms) = postSolution
		{73B60742-5B83-40C0-BC33-9E72F8A77D4F}.Debug|Any CPU.ActiveCfg = Debug|Any CPU
		{73B60742-5B83-40C0-BC33-9E72F8A77D4F}.Debug|Any CPU.Build.0 = Debug|Any CPU
		{73B60742-5B83-40C0-BC33-9E72F8A77D4F}.Release|Any CPU.ActiveCfg = Release|Any CPU
		{73B60742-5B83-40C0-BC33-9E72F8A77D4F}.Release|Any CPU.Build.0 = Release|Any CPU
		{2E6DD7C7-DF83-4B99-8627-D22B88A3699C}.Debug|Any CPU.ActiveCfg = Debug|Any CPU
		{2E6DD7C7-DF83-4B99-8627-D22B88A3699C}.Debug|Any CPU.Build.0 = Debug|Any CPU
		{2E6DD7C7-DF83-4B99-8627-D22B88A3699C}.Release|Any CPU.ActiveCfg = Release|Any CPU
		{2E6DD7C7-DF83-4B99-8627-D22B88A3699C}.Release|Any CPU.Build.0 = Release|Any CPU
		{D9182CB4-5CEF-4BD9-8C32-645D9F5E5204}.Debug|Any CPU.ActiveCfg = Debug|Any CPU
		{D9182CB4-5CEF-4BD9-8C32-645D9F5E5204}.Debug|Any CPU.Build.0 = Debug|Any CPU
		{D9182CB4-5CEF-4BD9-8C32-645D9F5E5204}.Release|Any CPU.ActiveCfg = Release|Any CPU
		{D9182CB4-5CEF-4BD9-8C32-645D9F5E5204}.Release|Any CPU.Build.0 = Release|Any CPU
		{829984B4-F213-46D7-9D40-9465DFACC0FA}.Debug|Any CPU.ActiveCfg = Debug|Any CPU
		{829984B4-F213-46D7-9D40-9465DFACC0FA}.Debug|Any CPU.Build.0 = Debug|Any CPU
		{829984B4-F213-46D7-9D40-9465DFACC0FA}.Release|Any CPU.ActiveCfg = Release|Any CPU
		{829984B4-F213-46D7-9D40-9465DFACC0FA}.Release|Any CPU.Build.0 = Release|Any CPU
		{B180C4C9-F5D9-4399-A51C-68A3614A40F5}.Debug|Any CPU.ActiveCfg = Debug|Any CPU
		{B180C4C9-F5D9-4399-A51C-68A3614A40F5}.Debug|Any CPU.Build.0 = Debug|Any CPU
		{B180C4C9-F5D9-4399-A51C-68A3614A40F5}.Release|Any CPU.ActiveCfg = Release|Any CPU
		{B180C4C9-F5D9-4399-A51C-68A3614A40F5}.Release|Any CPU.Build.0 = Release|Any CPU
		{ED5ADE32-6C0B-4DDD-B2CB-3222B9FC5D19}.Debug|Any CPU.ActiveCfg = Debug|Any CPU
		{ED5ADE32-6C0B-4DDD-B2CB-3222B9FC5D19}.Debug|Any CPU.Build.0 = Debug|Any CPU
		{ED5ADE32-6C0B-4DDD-B2CB-3222B9FC5D19}.Release|Any CPU.ActiveCfg = Release|Any CPU
		{ED5ADE32-6C0B-4DDD-B2CB-3222B9FC5D19}.Release|Any CPU.Build.0 = Release|Any CPU
		{A1FE595F-45A1-404C-9BCC-2DC0EF5F5D02}.Debug|Any CPU.ActiveCfg = Debug|Any CPU
		{A1FE595F-45A1-404C-9BCC-2DC0EF5F5D02}.Debug|Any CPU.Build.0 = Debug|Any CPU
		{A1FE595F-45A1-404C-9BCC-2DC0EF5F5D02}.Release|Any CPU.ActiveCfg = Release|Any CPU
		{A1FE595F-45A1-404C-9BCC-2DC0EF5F5D02}.Release|Any CPU.Build.0 = Release|Any CPU
		{F7B8A3D2-D18F-4632-AE9B-537A2E357ED6}.Debug|Any CPU.ActiveCfg = Debug|Any CPU
		{F7B8A3D2-D18F-4632-AE9B-537A2E357ED6}.Debug|Any CPU.Build.0 = Debug|Any CPU
		{F7B8A3D2-D18F-4632-AE9B-537A2E357ED6}.Release|Any CPU.ActiveCfg = Release|Any CPU
		{F7B8A3D2-D18F-4632-AE9B-537A2E357ED6}.Release|Any CPU.Build.0 = Release|Any CPU
	EndGlobalSection
	GlobalSection(SolutionProperties) = preSolution
		HideSolutionNode = FALSE
	EndGlobalSection
	GlobalSection(NestedProjects) = preSolution
		{EDD5DA20-E295-466E-8A19-4C4CC1FDCD15} = {4BEFB1E4-1E1F-468D-8158-DD4D9B84B38B}
		{2E6DD7C7-DF83-4B99-8627-D22B88A3699C} = {D2708352-AD9A-4E87-A9C8-5E857ECFDB19}
		{D9182CB4-5CEF-4BD9-8C32-645D9F5E5204} = {D2708352-AD9A-4E87-A9C8-5E857ECFDB19}
		{829984B4-F213-46D7-9D40-9465DFACC0FA} = {D2708352-AD9A-4E87-A9C8-5E857ECFDB19}
		{B180C4C9-F5D9-4399-A51C-68A3614A40F5} = {EDD5DA20-E295-466E-8A19-4C4CC1FDCD15}
		{ED5ADE32-6C0B-4DDD-B2CB-3222B9FC5D19} = {EDD5DA20-E295-466E-8A19-4C4CC1FDCD15}
		{A1FE595F-45A1-404C-9BCC-2DC0EF5F5D02} = {EDD5DA20-E295-466E-8A19-4C4CC1FDCD15}
		{F7B8A3D2-D18F-4632-AE9B-537A2E357ED6} = {4BEFB1E4-1E1F-468D-8158-DD4D9B84B38B}
	EndGlobalSection
	GlobalSection(ExtensibilityGlobals) = postSolution
		SolutionGuid = {2A4F0155-66F1-4B13-A4C0-FBB96010E10E}
	EndGlobalSection
EndGlobal
